{
  "version": 1,
  "dependencies": {
    ".NETCoreApp,Version=v5.0": {
      "Bogus": {
        "type": "Direct",
        "requested": "[33.1.1, )",
        "resolved": "33.1.1",
        "contentHash": "k3zLOajCV2iaus75RFqtC3PhHfJHuP2/jTN5Yl1Gixr0jTzrKiufm6oovpn6Nhbjw/zr5CTIzYioUS6HRhEi1w=="
      },
      "entitydb.abstractions": {
        "type": "Project"
      },
      "entitydb.common": {
        "type": "Project",
        "dependencies": {
          "EntityDb.Abstractions": "1.0.0"
        }
      }
    }
  }
}